<?xml version="1.0" encoding="utf-8"?>
<Project ToolsVersion="4.0" xmlns="http://schemas.microsoft.com/developer/msbuild/2003">
  <ItemGroup>
    <Filter Include="ソース ファイル">
      <UniqueIdentifier>{4FC737F1-C7A5-4376-A066-2A32D752A2FF}</UniqueIdentifier>
      <Extensions>cpp;c;cc;cxx;c++;cppm;ixx;def;odl;idl;hpj;bat;asm;asmx</Extensions>
    </Filter>
    <Filter Include="ヘッダー ファイル">
      <UniqueIdentifier>{93995380-89BD-4b04-88EB-625FBE52EBFB}</UniqueIdentifier>
      <Extensions>h;hh;hpp;hxx;h++;hm;inl;inc;ipp;xsd</Extensions>
    </Filter>
    <Filter Include="リソース ファイル">
      <UniqueIdentifier>{67DA6AB6-F800-4c08-8B7A-83BB121AAD01}</UniqueIdentifier>
      <Extensions>rc;ico;cur;bmp;dlg;rc2;rct;bin;rgs;gif;jpg;jpeg;jpe;resx;tiff;tif;png;wav;mfcribbon-ms</Extensions>
    </Filter>
    <Filter Include="imgui">
      <UniqueIdentifier>{0fc57e08-4840-4f27-b01e-17156160a80e}</UniqueIdentifier>
    </Filter>
    <Filter Include="ソース ファイル\main,gameSceen">
      <UniqueIdentifier>{98388bf0-ca04-40e8-8819-db5d1f272e3b}</UniqueIdentifier>
    </Filter>
  </ItemGroup>
  <ItemGroup>
    <None Include=".editorconfig" />
    <None Include="Assets\Input\InGameInputAction.json">
      <Filter>リソース ファイル</Filter>
    </None>
    <None Include="Assets\Shaders\Object3d.VS.hlsl" />
    <None Include="Assets\Shaders\Object3d.PS.hlsl" />
    <None Include="Assets\Shaders\ShadowDepth.VS.hlsl" />
  </ItemGroup>
  <ItemGroup>
    <ClCompile Include="Source\Engine\Core\CrashHandler.cpp">
      <Filter>ソース ファイル</Filter>
    </ClCompile>
    <ClCompile Include="Source\Engine\Physics\BoxCollision.cpp">
      <Filter>ソース ファイル</Filter>
    </ClCompile>
    <ClCompile Include="Source\Engine\Editor\EditorComponentUtility.cpp">
      <Filter>ソース ファイル</Filter>
    </ClCompile>
    <ClCompile Include="Source\Engine\Editor\EditorAssetFactory.cpp">
      <Filter>ソース ファイル</Filter>
    </ClCompile>
    <ClCompile Include="Source\Engine\Editor\EditorAssetUtility.cpp">
      <Filter>ソース ファイル</Filter>
    </ClCompile>
    <ClCompile Include="Source\Engine\Editor\EditorBottomPanel.cpp">
      <Filter>ソース ファイル</Filter>
    </ClCompile>
    <ClCompile Include="Source\Engine\Editor\EditorBottomPanelWindowManager.cpp">
      <Filter>ソース ファイル</Filter>
    </ClCompile>
    <ClCompile Include="Source\Engine\Editor\EditorHierarchyPanel.cpp">
      <Filter>ソース ファイル</Filter>
    </ClCompile>
    <ClCompile Include="Source\Engine\Editor\EditorInspectorPanel.cpp">
      <Filter>ソース ファイル</Filter>
    </ClCompile>
    <ClCompile Include="Source\Engine\Editor\EditorInputManager.cpp">
      <Filter>ソース ファイル</Filter>
    </ClCompile>
    <ClCompile Include="Source\Engine\Editor\EditorJoltPhysicsManager.cpp">
      <Filter>ソース ファイル</Filter>
    </ClCompile>
    <ClCompile Include="Source\Engine\Editor\EditorLocalMoveManager.cpp">
      <Filter>ソース ファイル</Filter>
    </ClCompile>
    <ClCompile Include="Source\Engine\Editor\EditorRollingMoveManager.cpp">
      <Filter>ソース ファイル</Filter>
    </ClCompile>
    <ClCompile Include="Source\Engine\Editor\EditorMainMenuBar.cpp">
      <Filter>ソース ファイル</Filter>
    </ClCompile>
    <ClCompile Include="Source\Engine\Editor\EditorNativeScriptAssetManager.cpp">
      <Filter>ソース ファイル</Filter>
    </ClCompile>
    <ClCompile Include="Source\Engine\Editor\EditorAIManager.cpp">
      <Filter>ソース ファイル</Filter>
    </ClCompile>
    <ClCompile Include="ThirdParty\AI\cppGOAP-develop\src\Action.cpp">
      <Filter>ソース ファイル</Filter>
    </ClCompile>
    <ClCompile Include="ThirdParty\AI\cppGOAP-develop\src\Node.cpp">
      <Filter>ソース ファイル</Filter>
    </ClCompile>
    <ClCompile Include="ThirdParty\AI\cppGOAP-develop\src\Planner.cpp">
      <Filter>ソース ファイル</Filter>
    </ClCompile>
    <ClCompile Include="ThirdParty\AI\cppGOAP-develop\src\WorldState.cpp">
      <Filter>ソース ファイル</Filter>
    </ClCompile>
    <ClCompile Include="ThirdParty\AI\MicroPather-master\micropather.cpp">
      <Filter>ソース ファイル</Filter>
    </ClCompile>
    <ClCompile Include="Source\Engine\Editor\EditorNavigationManager.cpp">
      <Filter>ソース ファイル</Filter>
    </ClCompile>
    <ClCompile Include="Source\Engine\Editor\EditorPhysicsManager.cpp">
      <Filter>ソース ファイル</Filter>
    </ClCompile>
    <ClCompile Include="Source\Engine\Editor\EditorScene.cpp">
      <Filter>ソース ファイル</Filter>
    </ClCompile>
    <ClCompile Include="Source\Engine\Editor\EditorSceneCameraController.cpp">
      <Filter>ソース ファイル</Filter>
    </ClCompile>
    <ClCompile Include="Source\Engine\Editor\EditorSceneObjectManager.cpp">
      <Filter>ソース ファイル</Filter>
    </ClCompile>
    <ClCompile Include="Source\Engine\Editor\EditorSceneSynchronizer.cpp">
      <Filter>ソース ファイル</Filter>
    </ClCompile>
    <ClCompile Include="Source\Engine\Editor\EditorSelectionManager.cpp">
      <Filter>ソース ファイル</Filter>
    </ClCompile>
    <ClCompile Include="Source\Engine\Editor\EditorScriptManager.cpp">
      <Filter>ソース ファイル</Filter>
    </ClCompile>
    <ClCompile Include="Source\Engine\Editor\EditorRuntimeManager.cpp">
      <Filter>ソース ファイル</Filter>
    </ClCompile>
    <ClCompile Include="Source\Engine\Editor\EditorDockingManager.cpp">
      <Filter>ソース ファイル</Filter>
    </ClCompile>
    <ClCompile Include="Source\Engine\Editor\EditorFrameInputManager.cpp">
      <Filter>ソース ファイル</Filter>
    </ClCompile>
    <ClCompile Include="Source\Engine\Editor\EditorGameViewManager.cpp">
      <Filter>ソース ファイル</Filter>
    </ClCompile>
    <ClCompile Include="Source\Engine\Editor\EditorHierarchyWindowManager.cpp">
      <Filter>ソース ファイル</Filter>
    </ClCompile>
    <ClCompile Include="Source\Engine\Editor\EditorImguiFrameManager.cpp">
      <Filter>ソース ファイル</Filter>
    </ClCompile>
    <ClCompile Include="Source\Engine\Editor\EditorInspectorWindowManager.cpp">
      <Filter>ソース ファイル</Filter>
    </ClCompile>
    <ClCompile Include="Source\Engine\Editor\EditorMainMenuManager.cpp">
      <Filter>ソース ファイル</Filter>
    </ClCompile>
    <ClCompile Include="Source\Engine\Editor\EditorMeshCollision.cpp">
      <Filter>ソース ファイル</Filter>
    </ClCompile>
    <ClCompile Include="Source\Engine\Editor\EditorSceneLifecycleManager.cpp">
      <Filter>ソース ファイル</Filter>
    </ClCompile>
    <ClCompile Include="Source\Engine\Editor\EditorSceneViewManager.cpp">
      <Filter>ソース ファイル</Filter>
    </ClCompile>
    <ClCompile Include="Source\Engine\Editor\EditorRenderManager.cpp">
      <Filter>ソース ファイル</Filter>
    </ClCompile>
    <ClCompile Include="Source\Engine\Editor\EditorPlatformManager.cpp">
      <Filter>ソース ファイル</Filter>
    </ClCompile>
    <ClCompile Include="Source\Engine\Core\StringUtility.cpp">
      <Filter>ソース ファイル</Filter>
    </ClCompile>
    <ClCompile Include="Source\Engine\Core\Log.cpp">
      <Filter>ソース ファイル</Filter>
    </ClCompile>
    <ClCompile Include="Source\Engine\Core\ApplicationWindow.cpp">
      <Filter>ソース ファイル</Filter>
    </ClCompile>
    <ClCompile Include="Source\Engine\Core\Matrix.cpp">
      <Filter>ソース ファイル</Filter>
    </ClCompile>
    <ClCompile Include="Source\Engine\Physics\SphereCollision.cpp">
      <Filter>ソース ファイル</Filter>
    </ClCompile>
    <ClCompile Include="Source\Engine\Core\Vector&amp;Matrix.cpp">
      <Filter>ソース ファイル</Filter>
    </ClCompile>
    <ClCompile Include="Source\Engine\Core\Vector.cpp">
      <Filter>ソース ファイル</Filter>
    </ClCompile>
    <ClCompile Include="ThirdParty\imgui-docking\imgui-docking\imgui.cpp">
      <Filter>imgui</Filter>
    </ClCompile>
    <ClCompile Include="ThirdParty\imgui-docking\imgui-docking\imgui_demo.cpp">
      <Filter>imgui</Filter>
    </ClCompile>
    <ClCompile Include="ThirdParty\imgui-docking\imgui-docking\imgui_draw.cpp">
      <Filter>imgui</Filter>
    </ClCompile>
    <ClCompile Include="ThirdParty\imgui-docking\imgui-docking\backends\imgui_impl_dx12.cpp">
      <Filter>imgui</Filter>
    </ClCompile>
    <ClCompile Include="ThirdParty\imgui-docking\imgui-docking\backends\imgui_impl_win32.cpp">
      <Filter>imgui</Filter>
    </ClCompile>
    <ClCompile Include="ThirdParty\imgui-docking\imgui-docking\imgui_tables.cpp">
      <Filter>imgui</Filter>
    </ClCompile>
    <ClCompile Include="ThirdParty\imgui-docking\imgui-docking\imgui_widgets.cpp">
      <Filter>imgui</Filter>
    </ClCompile>
    <ClCompile Include="ThirdParty\ImGuizmo-master\ImGuizmo-master\src\ImGuizmo.cpp">
      <Filter>imgui</Filter>
    </ClCompile>
    <ClCompile Include="Source\Engine\Core\GameScene.cpp">
      <Filter>ソース ファイル\main,gameSceen</Filter>
    </ClCompile>
    <ClCompile Include="Engine\Input\InputAction.cpp">
      <Filter>ソース ファイル</Filter>
    </ClCompile>
    <ClCompile Include="Engine\Input\InputActionAsset.cpp">
      <Filter>ソース ファイル</Filter>
    </ClCompile>
    <ClCompile Include="Engine\Input\InputActionMap.cpp">
      <Filter>ソース ファイル</Filter>
    </ClCompile>
    <ClCompile Include="Engine\Input\InputSystem.cpp">
      <Filter>ソース ファイル</Filter>
    </ClCompile>
    <ClCompile Include="Engine\Input\KeyboardState.cpp">
      <Filter>ソース ファイル</Filter>
    </ClCompile>
    <ClCompile Include="ThirdParty\imgui-node-editor-master\imgui-node-editor-master\crude_json.cpp">
      <Filter>imgui</Filter>
    </ClCompile>
    <ClCompile Include="Source\Engine\Core\Imgui.cpp">
      <Filter>ソース ファイル\main,gameSceen</Filter>
    </ClCompile>
    <ClCompile Include="Source\Engine\Core\main.cpp">
      <Filter>ソース ファイル\main,gameSceen</Filter>
    </ClCompile>
    <ClCompile Include="ThirdParty\JoltPhysics-5.5.0\Jolt\**\*.cpp">
      <Filter>ソース ファイル</Filter>
    </ClCompile>
    <ClCompile Include="ThirdParty\JoltPhysics-5.5.0\Jolt\**\*.cpp">
      <Filter>ソース ファイル</Filter>
    </ClCompile>
    <ClCompile Include="ThirdParty\JoltPhysics-5.5.0\Jolt\**\*.cpp">
      <Filter>ソース ファイル</Filter>
    </ClCompile>
    <ClCompile Include="ThirdParty\JoltPhysics-5.5.0\Jolt\**\*.cpp">
      <Filter>ソース ファイル</Filter>
    </ClCompile>
    <ClCompile Include="ThirdParty\JoltPhysics-5.5.0\Jolt\**\*.cpp">
      <Filter>ソース ファイル</Filter>
    </ClCompile>
    <ClCompile Include="ThirdParty\JoltPhysics-5.5.0\Jolt\**\*.cpp">
      <Filter>ソース ファイル</Filter>
    </ClCompile>
    <ClCompile Include="ThirdParty\JoltPhysics-5.5.0\Jolt\**\*.cpp">
      <Filter>ソース ファイル</Filter>
    </ClCompile>
    <ClCompile Include="ThirdParty\JoltPhysics-5.5.0\Jolt\**\*.cpp">
      <Filter>ソース ファイル</Filter>
    </ClCompile>
    <ClCompile Include="ThirdParty\JoltPhysics-5.5.0\Jolt\**\*.cpp">
      <Filter>ソース ファイル</Filter>
    </ClCompile>
    <ClCompile Include="ThirdParty\JoltPhysics-5.5.0\Jolt\**\*.cpp">
      <Filter>ソース ファイル</Filter>
    </ClCompile>
    <ClCompile Include="ThirdParty\JoltPhysics-5.5.0\Jolt\**\*.cpp">
      <Filter>ソース ファイル</Filter>
    </ClCompile>
    <ClCompile Include="ThirdParty\JoltPhysics-5.5.0\Jolt\**\*.cpp">
      <Filter>ソース ファイル</Filter>
    </ClCompile>
    <ClCompile Include="ThirdParty\JoltPhysics-5.5.0\Jolt\**\*.cpp">
      <Filter>ソース ファイル</Filter>
    </ClCompile>
    <ClCompile Include="ThirdParty\JoltPhysics-5.5.0\Jolt\**\*.cpp">
      <Filter>ソース ファイル</Filter>
    </ClCompile>
    <ClCompile Include="ThirdParty\JoltPhysics-5.5.0\Jolt\**\*.cpp">
      <Filter>ソース ファイル</Filter>
    </ClCompile>
    <ClCompile Include="ThirdParty\JoltPhysics-5.5.0\Jolt\**\*.cpp">
      <Filter>ソース ファイル</Filter>
    </ClCompile>
    <ClCompile Include="ThirdParty\JoltPhysics-5.5.0\Jolt\**\*.cpp">
      <Filter>ソース ファイル</Filter>
    </ClCompile>
    <ClCompile Include="ThirdParty\JoltPhysics-5.5.0\Jolt\**\*.cpp">
      <Filter>ソース ファイル</Filter>
    </ClCompile>
    <ClCompile Include="ThirdParty\JoltPhysics-5.5.0\Jolt\**\*.cpp">
      <Filter>ソース ファイル</Filter>
    </ClCompile>
    <ClCompile Include="ThirdParty\JoltPhysics-5.5.0\Jolt\**\*.cpp">
      <Filter>ソース ファイル</Filter>
    </ClCompile>
    <ClCompile Include="ThirdParty\JoltPhysics-5.5.0\Jolt\**\*.cpp">
      <Filter>ソース ファイル</Filter>
    </ClCompile>
    <ClCompile Include="ThirdParty\JoltPhysics-5.5.0\Jolt\**\*.cpp">
      <Filter>ソース ファイル</Filter>
    </ClCompile>
    <ClCompile Include="ThirdParty\JoltPhysics-5.5.0\Jolt\**\*.cpp">
      <Filter>ソース ファイル</Filter>
    </ClCompile>
    <ClCompile Include="ThirdParty\JoltPhysics-5.5.0\Jolt\**\*.cpp">
      <Filter>ソース ファイル</Filter>
    </ClCompile>
    <ClCompile Include="ThirdParty\JoltPhysics-5.5.0\Jolt\**\*.cpp">
      <Filter>ソース ファイル</Filter>
    </ClCompile>
    <ClCompile Include="ThirdParty\JoltPhysics-5.5.0\Jolt\**\*.cpp">
      <Filter>ソース ファイル</Filter>
    </ClCompile>
    <ClCompile Include="ThirdParty\JoltPhysics-5.5.0\Jolt\**\*.cpp">
      <Filter>ソース ファイル</Filter>
    </ClCompile>
    <ClCompile Include="ThirdParty\JoltPhysics-5.5.0\Jolt\**\*.cpp">
      <Filter>ソース ファイル</Filter>
    </ClCompile>
    <ClCompile Include="ThirdParty\JoltPhysics-5.5.0\Jolt\**\*.cpp">
      <Filter>ソース ファイル</Filter>
    </ClCompile>
    <ClCompile Include="ThirdParty\JoltPhysics-5.5.0\Jolt\**\*.cpp">
      <Filter>ソース ファイル</Filter>
    </ClCompile>
    <ClCompile Include="ThirdParty\JoltPhysics-5.5.0\Jolt\**\*.cpp">
      <Filter>ソース ファイル</Filter>
    </ClCompile>
    <ClCompile Include="ThirdParty\JoltPhysics-5.5.0\Jolt\**\*.cpp">
      <Filter>ソース ファイル</Filter>
    </ClCompile>
    <ClCompile Include="ThirdParty\JoltPhysics-5.5.0\Jolt\**\*.cpp">
      <Filter>ソース ファイル</Filter>
    </ClCompile>
    <ClCompile Include="ThirdParty\JoltPhysics-5.5.0\Jolt\**\*.cpp">
      <Filter>ソース ファイル</Filter>
    </ClCompile>
    <ClCompile Include="ThirdParty\JoltPhysics-5.5.0\Jolt\**\*.cpp">
      <Filter>ソース ファイル</Filter>
    </ClCompile>
    <ClCompile Include="ThirdParty\JoltPhysics-5.5.0\Jolt\**\*.cpp">
      <Filter>ソース ファイル</Filter>
    </ClCompile>
    <ClCompile Include="ThirdParty\JoltPhysics-5.5.0\Jolt\**\*.cpp">
      <Filter>ソース ファイル</Filter>
    </ClCompile>
    <ClCompile Include="ThirdParty\JoltPhysics-5.5.0\Jolt\**\*.cpp">
      <Filter>ソース ファイル</Filter>
    </ClCompile>
    <ClCompile Include="ThirdParty\JoltPhysics-5.5.0\Jolt\**\*.cpp">
      <Filter>ソース ファイル</Filter>
    </ClCompile>
    <ClCompile Include="ThirdParty\JoltPhysics-5.5.0\Jolt\**\*.cpp">
      <Filter>ソース ファイル</Filter>
    </ClCompile>
    <ClCompile Include="ThirdParty\JoltPhysics-5.5.0\Jolt\**\*.cpp">
      <Filter>ソース ファイル</Filter>
    </ClCompile>
    <ClCompile Include="ThirdParty\JoltPhysics-5.5.0\Jolt\**\*.cpp">
      <Filter>ソース ファイル</Filter>
    </ClCompile>
    <ClCompile Include="ThirdParty\JoltPhysics-5.5.0\Jolt\**\*.cpp">
      <Filter>ソース ファイル</Filter>
    </ClCompile>
    <ClCompile Include="ThirdParty\JoltPhysics-5.5.0\Jolt\**\*.cpp">
      <Filter>ソース ファイル</Filter>
    </ClCompile>
    <ClCompile Include="ThirdParty\JoltPhysics-5.5.0\Jolt\**\*.cpp">
      <Filter>ソース ファイル</Filter>
    </ClCompile>
    <ClCompile Include="ThirdParty\JoltPhysics-5.5.0\Jolt\**\*.cpp">
      <Filter>ソース ファイル</Filter>
    </ClCompile>
    <ClCompile Include="ThirdParty\JoltPhysics-5.5.0\Jolt\**\*.cpp">
      <Filter>ソース ファイル</Filter>
    </ClCompile>
    <ClCompile Include="ThirdParty\JoltPhysics-5.5.0\Jolt\**\*.cpp">
      <Filter>ソース ファイル</Filter>
    </ClCompile>
    <ClCompile Include="ThirdParty\JoltPhysics-5.5.0\Jolt\**\*.cpp">
      <Filter>ソース ファイル</Filter>
    </ClCompile>
    <ClCompile Include="ThirdParty\JoltPhysics-5.5.0\Jolt\**\*.cpp">
      <Filter>ソース ファイル</Filter>
    </ClCompile>
    <ClCompile Include="ThirdParty\JoltPhysics-5.5.0\Jolt\**\*.cpp">
      <Filter>ソース ファイル</Filter>
    </ClCompile>
    <ClCompile Include="ThirdParty\JoltPhysics-5.5.0\Jolt\**\*.cpp">
      <Filter>ソース ファイル</Filter>
    </ClCompile>
    <ClCompile Include="ThirdParty\JoltPhysics-5.5.0\Jolt\**\*.cpp">
      <Filter>ソース ファイル</Filter>
    </ClCompile>
    <ClCompile Include="ThirdParty\JoltPhysics-5.5.0\Jolt\**\*.cpp">
      <Filter>ソース ファイル</Filter>
    </ClCompile>
    <ClCompile Include="ThirdParty\JoltPhysics-5.5.0\Jolt\**\*.cpp">
      <Filter>ソース ファイル</Filter>
    </ClCompile>
    <ClCompile Include="ThirdParty\JoltPhysics-5.5.0\Jolt\**\*.cpp">
      <Filter>ソース ファイル</Filter>
    </ClCompile>
    <ClCompile Include="ThirdParty\JoltPhysics-5.5.0\Jolt\**\*.cpp">
      <Filter>ソース ファイル</Filter>
    </ClCompile>
    <ClCompile Include="ThirdParty\JoltPhysics-5.5.0\Jolt\**\*.cpp">
      <Filter>ソース ファイル</Filter>
    </ClCompile>
    <ClCompile Include="ThirdParty\JoltPhysics-5.5.0\Jolt\**\*.cpp">
      <Filter>ソース ファイル</Filter>
    </ClCompile>
    <ClCompile Include="ThirdParty\JoltPhysics-5.5.0\Jolt\**\*.cpp">
      <Filter>ソース ファイル</Filter>
    </ClCompile>
    <ClCompile Include="ThirdParty\JoltPhysics-5.5.0\Jolt\**\*.cpp">
      <Filter>ソース ファイル</Filter>
    </ClCompile>
    <ClCompile Include="ThirdParty\JoltPhysics-5.5.0\Jolt\**\*.cpp">
      <Filter>ソース ファイル</Filter>
    </ClCompile>
    <ClCompile Include="ThirdParty\JoltPhysics-5.5.0\Jolt\**\*.cpp">
      <Filter>ソース ファイル</Filter>
    </ClCompile>
    <ClCompile Include="ThirdParty\JoltPhysics-5.5.0\Jolt\**\*.cpp">
      <Filter>ソース ファイル</Filter>
    </ClCompile>
    <ClCompile Include="ThirdParty\JoltPhysics-5.5.0\Jolt\**\*.cpp">
      <Filter>ソース ファイル</Filter>
    </ClCompile>
    <ClCompile Include="ThirdParty\JoltPhysics-5.5.0\Jolt\**\*.cpp">
      <Filter>ソース ファイル</Filter>
    </ClCompile>
    <ClCompile Include="ThirdParty\JoltPhysics-5.5.0\Jolt\**\*.cpp">
      <Filter>ソース ファイル</Filter>
    </ClCompile>
    <ClCompile Include="ThirdParty\JoltPhysics-5.5.0\Jolt\**\*.cpp">
      <Filter>ソース ファイル</Filter>
    </ClCompile>
    <ClCompile Include="ThirdParty\JoltPhysics-5.5.0\Jolt\**\*.cpp">
      <Filter>ソース ファイル</Filter>
    </ClCompile>
    <ClCompile Include="ThirdParty\JoltPhysics-5.5.0\Jolt\**\*.cpp">
      <Filter>ソース ファイル</Filter>
    </ClCompile>
    <ClCompile Include="ThirdParty\JoltPhysics-5.5.0\Jolt\**\*.cpp">
      <Filter>ソース ファイル</Filter>
    </ClCompile>
    <ClCompile Include="ThirdParty\JoltPhysics-5.5.0\Jolt\**\*.cpp">
      <Filter>ソース ファイル</Filter>
    </ClCompile>
    <ClCompile Include="ThirdParty\JoltPhysics-5.5.0\Jolt\**\*.cpp">
      <Filter>ソース ファイル</Filter>
    </ClCompile>
    <ClCompile Include="ThirdParty\JoltPhysics-5.5.0\Jolt\**\*.cpp">
      <Filter>ソース ファイル</Filter>
    </ClCompile>
    <ClCompile Include="ThirdParty\JoltPhysics-5.5.0\Jolt\**\*.cpp">
      <Filter>ソース ファイル</Filter>
    </ClCompile>
    <ClCompile Include="ThirdParty\JoltPhysics-5.5.0\Jolt\**\*.cpp">
      <Filter>ソース ファイル</Filter>
    </ClCompile>
    <ClCompile Include="ThirdParty\JoltPhysics-5.5.0\Jolt\**\*.cpp">
      <Filter>ソース ファイル</Filter>
    </ClCompile>
    <ClCompile Include="ThirdParty\JoltPhysics-5.5.0\Jolt\**\*.cpp">
      <Filter>ソース ファイル</Filter>
    </ClCompile>
    <ClCompile Include="ThirdParty\JoltPhysics-5.5.0\Jolt\**\*.cpp">
      <Filter>ソース ファイル</Filter>
    </ClCompile>
    <ClCompile Include="ThirdParty\JoltPhysics-5.5.0\Jolt\**\*.cpp">
      <Filter>ソース ファイル</Filter>
    </ClCompile>
    <ClCompile Include="ThirdParty\JoltPhysics-5.5.0\Jolt\**\*.cpp">
      <Filter>ソース ファイル</Filter>
    </ClCompile>
    <ClCompile Include="ThirdParty\JoltPhysics-5.5.0\Jolt\**\*.cpp">
      <Filter>ソース ファイル</Filter>
    </ClCompile>
    <ClCompile Include="ThirdParty\JoltPhysics-5.5.0\Jolt\**\*.cpp">
      <Filter>ソース ファイル</Filter>
    </ClCompile>
    <ClCompile Include="ThirdParty\JoltPhysics-5.5.0\Jolt\**\*.cpp">
      <Filter>ソース ファイル</Filter>
    </ClCompile>
    <ClCompile Include="ThirdParty\JoltPhysics-5.5.0\Jolt\**\*.cpp">
      <Filter>ソース ファイル</Filter>
    </ClCompile>
    <ClCompile Include="ThirdParty\JoltPhysics-5.5.0\Jolt\**\*.cpp">
      <Filter>ソース ファイル</Filter>
    </ClCompile>
    <ClCompile Include="ThirdParty\JoltPhysics-5.5.0\Jolt\**\*.cpp">
      <Filter>ソース ファイル</Filter>
    </ClCompile>
    <ClCompile Include="ThirdParty\JoltPhysics-5.5.0\Jolt\**\*.cpp">
      <Filter>ソース ファイル</Filter>
    </ClCompile>
    <ClCompile Include="ThirdParty\JoltPhysics-5.5.0\Jolt\**\*.cpp">
      <Filter>ソース ファイル</Filter>
    </ClCompile>
    <ClCompile Include="ThirdParty\JoltPhysics-5.5.0\Jolt\**\*.cpp">
      <Filter>ソース ファイル</Filter>
    </ClCompile>
    <ClCompile Include="ThirdParty\JoltPhysics-5.5.0\Jolt\**\*.cpp">
      <Filter>ソース ファイル</Filter>
    </ClCompile>
    <ClCompile Include="ThirdParty\JoltPhysics-5.5.0\Jolt\**\*.cpp">
      <Filter>ソース ファイル</Filter>
    </ClCompile>
    <ClCompile Include="ThirdParty\JoltPhysics-5.5.0\Jolt\**\*.cpp">
      <Filter>ソース ファイル</Filter>
    </ClCompile>
    <ClCompile Include="ThirdParty\JoltPhysics-5.5.0\Jolt\**\*.cpp">
      <Filter>ソース ファイル</Filter>
    </ClCompile>
    <ClCompile Include="ThirdParty\JoltPhysics-5.5.0\Jolt\**\*.cpp">
      <Filter>ソース ファイル</Filter>
    </ClCompile>
    <ClCompile Include="ThirdParty\JoltPhysics-5.5.0\Jolt\**\*.cpp">
      <Filter>ソース ファイル</Filter>
    </ClCompile>
    <ClCompile Include="ThirdParty\JoltPhysics-5.5.0\Jolt\**\*.cpp">
      <Filter>ソース ファイル</Filter>
    </ClCompile>
    <ClCompile Include="ThirdParty\JoltPhysics-5.5.0\Jolt\**\*.cpp">
      <Filter>ソース ファイル</Filter>
    </ClCompile>
    <ClCompile Include="ThirdParty\JoltPhysics-5.5.0\Jolt\**\*.cpp">
      <Filter>ソース ファイル</Filter>
    </ClCompile>
    <ClCompile Include="ThirdParty\JoltPhysics-5.5.0\Jolt\**\*.cpp">
      <Filter>ソース ファイル</Filter>
    </ClCompile>
    <ClCompile Include="ThirdParty\JoltPhysics-5.5.0\Jolt\**\*.cpp">
      <Filter>ソース ファイル</Filter>
    </ClCompile>
    <ClCompile Include="ThirdParty\JoltPhysics-5.5.0\Jolt\**\*.cpp">
      <Filter>ソース ファイル</Filter>
    </ClCompile>
    <ClCompile Include="ThirdParty\JoltPhysics-5.5.0\Jolt\**\*.cpp">
      <Filter>ソース ファイル</Filter>
    </ClCompile>
    <ClCompile Include="ThirdParty\JoltPhysics-5.5.0\Jolt\**\*.cpp">
      <Filter>ソース ファイル</Filter>
    </ClCompile>
    <ClCompile Include="ThirdParty\JoltPhysics-5.5.0\Jolt\**\*.cpp">
      <Filter>ソース ファイル</Filter>
    </ClCompile>
    <ClCompile Include="ThirdParty\JoltPhysics-5.5.0\Jolt\**\*.cpp">
      <Filter>ソース ファイル</Filter>
    </ClCompile>
    <ClCompile Include="ThirdParty\JoltPhysics-5.5.0\Jolt\**\*.cpp">
      <Filter>ソース ファイル</Filter>
    </ClCompile>
    <ClCompile Include="ThirdParty\JoltPhysics-5.5.0\Jolt\**\*.cpp">
      <Filter>ソース ファイル</Filter>
    </ClCompile>
    <ClCompile Include="ThirdParty\JoltPhysics-5.5.0\Jolt\**\*.cpp">
      <Filter>ソース ファイル</Filter>
    </ClCompile>
    <ClCompile Include="ThirdParty\JoltPhysics-5.5.0\Jolt\**\*.cpp">
      <Filter>ソース ファイル</Filter>
    </ClCompile>
    <ClCompile Include="ThirdParty\JoltPhysics-5.5.0\Jolt\**\*.cpp">
      <Filter>ソース ファイル</Filter>
    </ClCompile>
    <ClCompile Include="ThirdParty\JoltPhysics-5.5.0\Jolt\**\*.cpp">
      <Filter>ソース ファイル</Filter>
    </ClCompile>
    <ClCompile Include="ThirdParty\JoltPhysics-5.5.0\Jolt\**\*.cpp">
      <Filter>ソース ファイル</Filter>
    </ClCompile>
    <ClCompile Include="ThirdParty\JoltPhysics-5.5.0\Jolt\**\*.cpp">
      <Filter>ソース ファイル</Filter>
    </ClCompile>
    <ClCompile Include="ThirdParty\JoltPhysics-5.5.0\Jolt\**\*.cpp">
      <Filter>ソース ファイル</Filter>
    </ClCompile>
    <ClCompile Include="ThirdParty\JoltPhysics-5.5.0\Jolt\**\*.cpp">
      <Filter>ソース ファイル</Filter>
    </ClCompile>
    <ClCompile Include="ThirdParty\JoltPhysics-5.5.0\Jolt\**\*.cpp">
      <Filter>ソース ファイル</Filter>
    </ClCompile>
    <ClCompile Include="ThirdParty\JoltPhysics-5.5.0\Jolt\**\*.cpp">
      <Filter>ソース ファイル</Filter>
    </ClCompile>
    <ClCompile Include="ThirdParty\JoltPhysics-5.5.0\Jolt\**\*.cpp">
      <Filter>ソース ファイル</Filter>
    </ClCompile>
    <ClCompile Include="ThirdParty\JoltPhysics-5.5.0\Jolt\**\*.cpp">
      <Filter>ソース ファイル</Filter>
    </ClCompile>
    <ClCompile Include="ThirdParty\JoltPhysics-5.5.0\Jolt\**\*.cpp">
      <Filter>ソース ファイル</Filter>
    </ClCompile>
    <ClCompile Include="ThirdParty\JoltPhysics-5.5.0\Jolt\**\*.cpp">
      <Filter>ソース ファイル</Filter>
    </ClCompile>
    <ClCompile Include="ThirdParty\JoltPhysics-5.5.0\Jolt\**\*.cpp">
      <Filter>ソース ファイル</Filter>
    </ClCompile>
    <ClCompile Include="ThirdParty\JoltPhysics-5.5.0\Jolt\**\*.cpp">
      <Filter>ソース ファイル</Filter>
    </ClCompile>
    <ClCompile Include="ThirdParty\JoltPhysics-5.5.0\Jolt\**\*.cpp">
      <Filter>ソース ファイル</Filter>
    </ClCompile>
    <ClCompile Include="ThirdParty\JoltPhysics-5.5.0\Jolt\**\*.cpp">
      <Filter>ソース ファイル</Filter>
    </ClCompile>
    <ClCompile Include="ThirdParty\JoltPhysics-5.5.0\Jolt\**\*.cpp">
      <Filter>ソース ファイル</Filter>
    </ClCompile>
    <ClCompile Include="ThirdParty\JoltPhysics-5.5.0\Jolt\**\*.cpp">
      <Filter>ソース ファイル</Filter>
    </ClCompile>
    <ClCompile Include="ThirdParty\JoltPhysics-5.5.0\Jolt\**\*.cpp">
      <Filter>ソース ファイル</Filter>
    </ClCompile>
    <ClCompile Include="ThirdParty\JoltPhysics-5.5.0\Jolt\**\*.cpp">
      <Filter>ソース ファイル</Filter>
    </ClCompile>
    <ClCompile Include="ThirdParty\JoltPhysics-5.5.0\Jolt\**\*.cpp">
      <Filter>ソース ファイル</Filter>
    </ClCompile>
    <ClCompile Include="ThirdParty\JoltPhysics-5.5.0\Jolt\**\*.cpp">
      <Filter>ソース ファイル</Filter>
    </ClCompile>
    <ClCompile Include="ThirdParty\JoltPhysics-5.5.0\Jolt\**\*.cpp">
      <Filter>ソース ファイル</Filter>
    </ClCompile>
    <ClCompile Include="ThirdParty\FeelKitHaptics\FeelKit.cpp">
      <Filter>ソース ファイル</Filter>
    </ClCompile>
    <ClCompile Include="ThirdParty\FeelKitHaptics\FeelKitHaptics.cpp">
      <Filter>ソース ファイル</Filter>
    </ClCompile>
    <ClCompile Include="ThirdParty\FeelKitHaptics\haptics\FeelKitVibration.cpp">
      <Filter>ソース ファイル</Filter>
    </ClCompile>
    <ClCompile Include="ThirdParty\FeelKitHaptics\core\FeelKitCore.cpp">
      <Filter>ソース ファイル</Filter>
    </ClCompile>
    <ClCompile Include="ThirdParty\FeelKitHaptics\audio\FeelKitAudio.cpp">
      <Filter>ソース ファイル</Filter>
    </ClCompile>
    <ClCompile Include="ThirdParty\FeelKitHaptics\generation\FeelKitImpactGeneration.cpp">
      <Filter>ソース ファイル</Filter>
    </ClCompile>
    <ClCompile Include="ThirdParty\FeelKitHaptics\effects\FeelKitEffects.cpp">
      <Filter>ソース ファイル</Filter>
    </ClCompile>
    <ClCompile Include="ThirdParty\FeelKitHaptics\screen\FeelKitScreen.cpp">
      <Filter>ソース ファイル</Filter>
    </ClCompile>
    <ClCompile Include="Source\Engine\Editor\EditorAudioManager.cpp">
      <Filter>ソース ファイル</Filter>
    </ClCompile>
    <ClCompile Include="ThirdParty\JoltPhysics-5.5.0\Jolt\**\*.cpp">
      <Filter>ソース ファイル</Filter>
    </ClCompile>
    <ClCompile Include="ThirdParty\JoltPhysics-5.5.0\Jolt\**\*.cpp">
      <Filter>ソース ファイル</Filter>
    </ClCompile>
    <ClCompile Include="ThirdParty\JoltPhysics-5.5.0\Jolt\**\*.cpp">
      <Filter>ソース ファイル</Filter>
    </ClCompile>
    <ClCompile Include="ThirdParty\JoltPhysics-5.5.0\Jolt\**\*.cpp">
      <Filter>ソース ファイル</Filter>
    </ClCompile>
    <ClCompile Include="ThirdParty\JoltPhysics-5.5.0\Jolt\**\*.cpp">
      <Filter>ソース ファイル</Filter>
    </ClCompile>
    <ClCompile Include="ThirdParty\JoltPhysics-5.5.0\Jolt\**\*.cpp">
      <Filter>ソース ファイル</Filter>
    </ClCompile>
    <ClCompile Include="ThirdParty\JoltPhysics-5.5.0\Jolt\**\*.cpp">
      <Filter>ソース ファイル</Filter>
    </ClCompile>
    <ClCompile Include="ThirdParty\JoltPhysics-5.5.0\Jolt\**\*.cpp">
      <Filter>ソース ファイル</Filter>
    </ClCompile>
    <ClCompile Include="ThirdParty\JoltPhysics-5.5.0\Jolt\**\*.cpp">
      <Filter>ソース ファイル</Filter>
    </ClCompile>
    <ClCompile Include="ThirdParty\JoltPhysics-5.5.0\Jolt\**\*.cpp">
      <Filter>ソース ファイル</Filter>
    </ClCompile>
    <ClCompile Include="ThirdParty\JoltPhysics-5.5.0\Jolt\**\*.cpp">
      <Filter>ソース ファイル</Filter>
    </ClCompile>
    <ClCompile Include="ThirdParty\JoltPhysics-5.5.0\Jolt\**\*.cpp">
      <Filter>ソース ファイル</Filter>
    </ClCompile>
    <ClCompile Include="ThirdParty\JoltPhysics-5.5.0\Jolt\**\*.cpp">
      <Filter>ソース ファイル</Filter>
    </ClCompile>
    <ClCompile Include="ThirdParty\JoltPhysics-5.5.0\Jolt\**\*.cpp">
      <Filter>ソース ファイル</Filter>
    </ClCompile>
    <ClCompile Include="ThirdParty\JoltPhysics-5.5.0\Jolt\**\*.cpp">
      <Filter>ソース ファイル</Filter>
    </ClCompile>
    <ClCompile Include="ThirdParty\JoltPhysics-5.5.0\Jolt\**\*.cpp">
      <Filter>ソース ファイル</Filter>
    </ClCompile>
    <ClCompile Include="ThirdParty\JoltPhysics-5.5.0\Jolt\**\*.cpp">
      <Filter>ソース ファイル</Filter>
    </ClCompile>
    <ClCompile Include="ThirdParty\JoltPhysics-5.5.0\Jolt\**\*.cpp">
      <Filter>ソース ファイル</Filter>
    </ClCompile>
    <ClCompile Include="ThirdParty\JoltPhysics-5.5.0\Jolt\**\*.cpp">
      <Filter>ソース ファイル</Filter>
    </ClCompile>
    <ClCompile Include="ThirdParty\JoltPhysics-5.5.0\Jolt\**\*.cpp">
      <Filter>ソース ファイル</Filter>
    </ClCompile>
    <ClCompile Include="ThirdParty\JoltPhysics-5.5.0\Jolt\**\*.cpp">
      <Filter>ソース ファイル</Filter>
    </ClCompile>
    <ClCompile Include="ThirdParty\JoltPhysics-5.5.0\Jolt\**\*.cpp">
      <Filter>ソース ファイル</Filter>
    </ClCompile>
    <ClCompile Include="ThirdParty\JoltPhysics-5.5.0\Jolt\**\*.cpp">
      <Filter>ソース ファイル</Filter>
    </ClCompile>
    <ClCompile Include="ThirdParty\JoltPhysics-5.5.0\Jolt\**\*.cpp">
      <Filter>ソース ファイル</Filter>
    </ClCompile>
    <ClCompile Include="ThirdParty\JoltPhysics-5.5.0\Jolt\**\*.cpp">
      <Filter>ソース ファイル</Filter>
    </ClCompile>
    <ClCompile Include="ThirdParty\JoltPhysics-5.5.0\Jolt\**\*.cpp">
      <Filter>ソース ファイル</Filter>
    </ClCompile>
    <ClCompile Include="ThirdParty\JoltPhysics-5.5.0\Jolt\**\*.cpp">
      <Filter>ソース ファイル</Filter>
    </ClCompile>
    <ClCompile Include="ThirdParty\JoltPhysics-5.5.0\Jolt\**\*.cpp">
      <Filter>ソース ファイル</Filter>
    </ClCompile>
    <ClCompile Include="ThirdParty\JoltPhysics-5.5.0\Jolt\**\*.cpp">
      <Filter>ソース ファイル</Filter>
    </ClCompile>
    <ClCompile Include="ThirdParty\JoltPhysics-5.5.0\Jolt\**\*.cpp">
      <Filter>ソース ファイル</Filter>
    </ClCompile>
    <ClCompile Include="ThirdParty\JoltPhysics-5.5.0\Jolt\**\*.cpp">
      <Filter>ソース ファイル</Filter>
    </ClCompile>
    <ClCompile Include="ThirdParty\JoltPhysics-5.5.0\Jolt\**\*.cpp">
      <Filter>ソース ファイル</Filter>
    </ClCompile>
    <ClCompile Include="ThirdParty\JoltPhysics-5.5.0\Jolt\**\*.cpp">
      <Filter>ソース ファイル</Filter>
    </ClCompile>
    <ClCompile Include="ThirdParty\JoltPhysics-5.5.0\Jolt\**\*.cpp">
      <Filter>ソース ファイル</Filter>
    </ClCompile>
    <ClCompile Include="ThirdParty\JoltPhysics-5.5.0\Jolt\**\*.cpp">
      <Filter>ソース ファイル</Filter>
    </ClCompile>
    <ClCompile Include="ThirdParty\JoltPhysics-5.5.0\Jolt\**\*.cpp">
      <Filter>ソース ファイル</Filter>
    </ClCompile>
    <ClCompile Include="ThirdParty\JoltPhysics-5.5.0\Jolt\**\*.cpp">
      <Filter>ソース ファイル</Filter>
    </ClCompile>
    <ClCompile Include="ThirdParty\JoltPhysics-5.5.0\Jolt\**\*.cpp">
      <Filter>ソース ファイル</Filter>
    </ClCompile>
    <ClCompile Include="ThirdParty\JoltPhysics-5.5.0\Jolt\**\*.cpp">
      <Filter>ソース ファイル</Filter>
    </ClCompile>
    <ClCompile Include="ThirdParty\JoltPhysics-5.5.0\Jolt\**\*.cpp">
      <Filter>ソース ファイル</Filter>
    </ClCompile>
    <ClCompile Include="ThirdParty\JoltPhysics-5.5.0\Jolt\**\*.cpp">
      <Filter>ソース ファイル</Filter>
    </ClCompile>
    <ClCompile Include="ThirdParty\JoltPhysics-5.5.0\Jolt\**\*.cpp">
      <Filter>ソース ファイル</Filter>
    </ClCompile>
    <ClCompile Include="ThirdParty\JoltPhysics-5.5.0\Jolt\**\*.cpp">
      <Filter>ソース ファイル</Filter>
    </ClCompile>
    <ClCompile Include="ThirdParty\JoltPhysics-5.5.0\Jolt\**\*.cpp">
      <Filter>ソース ファイル</Filter>
    </ClCompile>
    <ClCompile Include="ThirdParty\JoltPhysics-5.5.0\Jolt\**\*.cpp">
      <Filter>ソース ファイル</Filter>
    </ClCompile>
    <ClCompile Include="ThirdParty\JoltPhysics-5.5.0\Jolt\**\*.cpp">
      <Filter>ソース ファイル</Filter>
    </ClCompile>
    <ClCompile Include="ThirdParty\JoltPhysics-5.5.0\Jolt\**\*.cpp">
      <Filter>ソース ファイル</Filter>
    </ClCompile>
    <ClCompile Include="ThirdParty\JoltPhysics-5.5.0\Jolt\**\*.cpp">
      <Filter>ソース ファイル</Filter>
    </ClCompile>
    <ClCompile Include="ThirdParty\JoltPhysics-5.5.0\Jolt\**\*.cpp">
      <Filter>ソース ファイル</Filter>
    </ClCompile>
    <ClCompile Include="ThirdParty\JoltPhysics-5.5.0\Jolt\**\*.cpp">
      <Filter>ソース ファイル</Filter>
    </ClCompile>
    <ClCompile Include="ThirdParty\JoltPhysics-5.5.0\Jolt\**\*.cpp">
      <Filter>ソース ファイル</Filter>
    </ClCompile>
    <ClCompile Include="ThirdParty\JoltPhysics-5.5.0\Jolt\**\*.cpp">
      <Filter>ソース ファイル</Filter>
    </ClCompile>
    <ClCompile Include="ThirdParty\JoltPhysics-5.5.0\Jolt\**\*.cpp">
      <Filter>ソース ファイル</Filter>
    </ClCompile>
    <ClCompile Include="ThirdParty\JoltPhysics-5.5.0\Jolt\**\*.cpp">
      <Filter>ソース ファイル</Filter>
    </ClCompile>
    <ClCompile Include="ThirdParty\JoltPhysics-5.5.0\Jolt\**\*.cpp">
      <Filter>ソース ファイル</Filter>
    </ClCompile>
    <ClCompile Include="ThirdParty\JoltPhysics-5.5.0\Jolt\**\*.cpp">
      <Filter>ソース ファイル</Filter>
    </ClCompile>
    <ClCompile Include="ThirdParty\JoltPhysics-5.5.0\Jolt\**\*.cpp">
      <Filter>ソース ファイル</Filter>
    </ClCompile>
    <ClCompile Include="ThirdParty\JoltPhysics-5.5.0\Jolt\**\*.cpp">
      <Filter>ソース ファイル</Filter>
    </ClCompile>
    <ClCompile Include="ThirdParty\JoltPhysics-5.5.0\Jolt\**\*.cpp">
      <Filter>ソース ファイル</Filter>
    </ClCompile>
    <ClCompile Include="ThirdParty\JoltPhysics-5.5.0\Jolt\**\*.cpp">
      <Filter>ソース ファイル</Filter>
    </ClCompile>
    <ClCompile Include="ThirdParty\JoltPhysics-5.5.0\Jolt\**\*.cpp">
      <Filter>ソース ファイル</Filter>
    </ClCompile>
    <ClCompile Include="ThirdParty\JoltPhysics-5.5.0\Jolt\**\*.cpp">
      <Filter>ソース ファイル</Filter>
    </ClCompile>
    <ClCompile Include="ThirdParty\JoltPhysics-5.5.0\Jolt\**\*.cpp">
      <Filter>ソース ファイル</Filter>
    </ClCompile>
    <ClCompile Include="ThirdParty\JoltPhysics-5.5.0\Jolt\**\*.cpp">
      <Filter>ソース ファイル</Filter>
    </ClCompile>
    <ClCompile Include="ThirdParty\JoltPhysics-5.5.0\Jolt\**\*.cpp">
      <Filter>ソース ファイル</Filter>
    </ClCompile>
    <ClCompile Include="ThirdParty\JoltPhysics-5.5.0\Jolt\**\*.cpp">
      <Filter>ソース ファイル</Filter>
    </ClCompile>
    <ClCompile Include="ThirdParty\JoltPhysics-5.5.0\Jolt\**\*.cpp">
      <Filter>ソース ファイル</Filter>
    </ClCompile>
    <ClCompile Include="ThirdParty\JoltPhysics-5.5.0\Jolt\**\*.cpp">
      <Filter>ソース ファイル</Filter>
    </ClCompile>
    <ClCompile Include="ThirdParty\JoltPhysics-5.5.0\Jolt\**\*.cpp">
      <Filter>ソース ファイル</Filter>
    </ClCompile>
    <ClCompile Include="ThirdParty\JoltPhysics-5.5.0\Jolt\**\*.cpp">
      <Filter>ソース ファイル</Filter>
    </ClCompile>
    <ClCompile Include="ThirdParty\JoltPhysics-5.5.0\Jolt\**\*.cpp">
      <Filter>ソース ファイル</Filter>
    </ClCompile>
    <ClCompile Include="ThirdParty\JoltPhysics-5.5.0\Jolt\**\*.cpp">
      <Filter>ソース ファイル</Filter>
    </ClCompile>
    <ClCompile Include="ThirdParty\JoltPhysics-5.5.0\Jolt\**\*.cpp">
      <Filter>ソース ファイル</Filter>
    </ClCompile>
    <ClCompile Include="ThirdParty\JoltPhysics-5.5.0\Jolt\**\*.cpp">
      <Filter>ソース ファイル</Filter>
    </ClCompile>
    <ClCompile Include="ThirdParty\JoltPhysics-5.5.0\Jolt\**\*.cpp">
      <Filter>ソース ファイル</Filter>
    </ClCompile>
    <ClCompile Include="ThirdParty\JoltPhysics-5.5.0\Jolt\**\*.cpp">
      <Filter>ソース ファイル</Filter>
    </ClCompile>
    <ClCompile Include="ThirdParty\JoltPhysics-5.5.0\Jolt\**\*.cpp">
      <Filter>ソース ファイル</Filter>
    </ClCompile>
    <ClCompile Include="ThirdParty\JoltPhysics-5.5.0\Jolt\**\*.cpp">
      <Filter>ソース ファイル</Filter>
    </ClCompile>
    <ClCompile Include="ThirdParty\JoltPhysics-5.5.0\Jolt\**\*.cpp">
      <Filter>ソース ファイル</Filter>
    </ClCompile>
    <ClCompile Include="ThirdParty\JoltPhysics-5.5.0\Jolt\**\*.cpp">
      <Filter>ソース ファイル</Filter>
    </ClCompile>
    <ClCompile Include="ThirdParty\JoltPhysics-5.5.0\Jolt\**\*.cpp">
      <Filter>ソース ファイル</Filter>
    </ClCompile>
    <ClCompile Include="ThirdParty\JoltPhysics-5.5.0\Jolt\**\*.cpp">
      <Filter>ソース ファイル</Filter>
    </ClCompile>
    <ClCompile Include="ThirdParty\JoltPhysics-5.5.0\Jolt\**\*.cpp">
      <Filter>ソース ファイル</Filter>
    </ClCompile>
    <ClCompile Include="ThirdParty\JoltPhysics-5.5.0\Jolt\**\*.cpp">
      <Filter>ソース ファイル</Filter>
    </ClCompile>
    <ClCompile Include="ThirdParty\JoltPhysics-5.5.0\Jolt\**\*.cpp">
      <Filter>ソース ファイル</Filter>
    </ClCompile>
    <ClCompile Include="ThirdParty\JoltPhysics-5.5.0\Jolt\**\*.cpp">
      <Filter>ソース ファイル</Filter>
    </ClCompile>
    <ClCompile Include="ThirdParty\JoltPhysics-5.5.0\Jolt\**\*.cpp">
      <Filter>ソース ファイル</Filter>
    </ClCompile>
    <ClCompile Include="ThirdParty\JoltPhysics-5.5.0\Jolt\**\*.cpp">
      <Filter>ソース ファイル</Filter>
    </ClCompile>
    <ClCompile Include="ThirdParty\JoltPhysics-5.5.0\Jolt\**\*.cpp">
      <Filter>ソース ファイル</Filter>
    </ClCompile>
    <ClCompile Include="ThirdParty\JoltPhysics-5.5.0\Jolt\**\*.cpp">
      <Filter>ソース ファイル</Filter>
    </ClCompile>
    <ClCompile Include="ThirdParty\JoltPhysics-5.5.0\Jolt\**\*.cpp">
      <Filter>ソース ファイル</Filter>
    </ClCompile>
    <ClCompile Include="ThirdParty\JoltPhysics-5.5.0\Jolt\**\*.cpp">
      <Filter>ソース ファイル</Filter>
    </ClCompile>
    <ClCompile Include="ThirdParty\JoltPhysics-5.5.0\Jolt\**\*.cpp">
      <Filter>ソース ファイル</Filter>
    </ClCompile>
    <ClCompile Include="ThirdParty\JoltPhysics-5.5.0\Jolt\**\*.cpp">
      <Filter>ソース ファイル</Filter>
    </ClCompile>
    <ClCompile Include="ThirdParty\JoltPhysics-5.5.0\Jolt\**\*.cpp">
      <Filter>ソース ファイル</Filter>
    </ClCompile>
    <ClCompile Include="ThirdParty\JoltPhysics-5.5.0\Jolt\**\*.cpp">
      <Filter>ソース ファイル</Filter>
    </ClCompile>
    <ClCompile Include="ThirdParty\JoltPhysics-5.5.0\Jolt\**\*.cpp">
      <Filter>ソース ファイル</Filter>
    </ClCompile>
    <ClCompile Include="ThirdParty\JoltPhysics-5.5.0\Jolt\**\*.cpp">
      <Filter>ソース ファイル</Filter>
    </ClCompile>
    <ClCompile Include="ThirdParty\JoltPhysics-5.5.0\Jolt\**\*.cpp">
      <Filter>ソース ファイル</Filter>
    </ClCompile>
    <ClCompile Include="ThirdParty\JoltPhysics-5.5.0\Jolt\**\*.cpp">
      <Filter>ソース ファイル</Filter>
    </ClCompile>
    <ClCompile Include="ThirdParty\JoltPhysics-5.5.0\Jolt\**\*.cpp">
      <Filter>ソース ファイル</Filter>
    </ClCompile>
    <ClCompile Include="ThirdParty\JoltPhysics-5.5.0\Jolt\**\*.cpp">
      <Filter>ソース ファイル</Filter>
    </ClCompile>
    <ClCompile Include="ThirdParty\JoltPhysics-5.5.0\Jolt\**\*.cpp">
      <Filter>ソース ファイル</Filter>
    </ClCompile>
    <ClCompile Include="ThirdParty\JoltPhysics-5.5.0\Jolt\**\*.cpp">
      <Filter>ソース ファイル</Filter>
    </ClCompile>
    <ClCompile Include="ThirdParty\JoltPhysics-5.5.0\Jolt\**\*.cpp">
      <Filter>ソース ファイル</Filter>
    </ClCompile>
    <ClCompile Include="ThirdParty\JoltPhysics-5.5.0\Jolt\**\*.cpp">
      <Filter>ソース ファイル</Filter>
    </ClCompile>
    <ClCompile Include="ThirdParty\JoltPhysics-5.5.0\Jolt\**\*.cpp">
      <Filter>ソース ファイル</Filter>
    </ClCompile>
    <ClCompile Include="ThirdParty\JoltPhysics-5.5.0\Jolt\**\*.cpp">
      <Filter>ソース ファイル</Filter>
    </ClCompile>
    <ClCompile Include="ThirdParty\JoltPhysics-5.5.0\Jolt\**\*.cpp">
      <Filter>ソース ファイル</Filter>
    </ClCompile>
    <ClCompile Include="ThirdParty\JoltPhysics-5.5.0\Jolt\**\*.cpp">
      <Filter>ソース ファイル</Filter>
    </ClCompile>
    <ClCompile Include="ThirdParty\JoltPhysics-5.5.0\Jolt\**\*.cpp">
      <Filter>ソース ファイル</Filter>
    </ClCompile>
    <ClCompile Include="ThirdParty\JoltPhysics-5.5.0\Jolt\**\*.cpp">
      <Filter>ソース ファイル</Filter>
    </ClCompile>
    <ClCompile Include="ThirdParty\JoltPhysics-5.5.0\Jolt\**\*.cpp">
      <Filter>ソース ファイル</Filter>
    </ClCompile>
    <ClCompile Include="ThirdParty\JoltPhysics-5.5.0\Jolt\**\*.cpp">
      <Filter>ソース ファイル</Filter>
    </ClCompile>
    <ClCompile Include="ThirdParty\JoltPhysics-5.5.0\Jolt\**\*.cpp">
      <Filter>ソース ファイル</Filter>
    </ClCompile>
    <ClCompile Include="ThirdParty\JoltPhysics-5.5.0\Jolt\**\*.cpp">
      <Filter>ソース ファイル</Filter>
    </ClCompile>
    <ClCompile Include="ThirdParty\JoltPhysics-5.5.0\Jolt\**\*.cpp">
      <Filter>ソース ファイル</Filter>
    </ClCompile>
    <ClCompile Include="ThirdParty\JoltPhysics-5.5.0\Jolt\**\*.cpp">
      <Filter>ソース ファイル</Filter>
    </ClCompile>
    <ClCompile Include="ThirdParty\JoltPhysics-5.5.0\Jolt\**\*.cpp">
      <Filter>ソース ファイル</Filter>
    </ClCompile>
    <ClCompile Include="ThirdParty\JoltPhysics-5.5.0\Jolt\**\*.cpp">
      <Filter>ソース ファイル</Filter>
    </ClCompile>
    <ClCompile Include="ThirdParty\JoltPhysics-5.5.0\Jolt\**\*.cpp">
      <Filter>ソース ファイル</Filter>
    </ClCompile>
    <ClCompile Include="ThirdParty\JoltPhysics-5.5.0\Jolt\**\*.cpp">
      <Filter>ソース ファイル</Filter>
    </ClCompile>
    <ClCompile Include="ThirdParty\JoltPhysics-5.5.0\Jolt\**\*.cpp">
      <Filter>ソース ファイル</Filter>
    </ClCompile>
    <ClCompile Include="ThirdParty\JoltPhysics-5.5.0\Jolt\**\*.cpp">
      <Filter>ソース ファイル</Filter>
    </ClCompile>
    <ClCompile Include="ThirdParty\JoltPhysics-5.5.0\Jolt\**\*.cpp">
      <Filter>ソース ファイル</Filter>
    </ClCompile>
    <ClCompile Include="ThirdParty\JoltPhysics-5.5.0\Jolt\**\*.cpp">
      <Filter>ソース ファイル</Filter>
    </ClCompile>
    <ClCompile Include="ThirdParty\JoltPhysics-5.5.0\Jolt\**\*.cpp">
      <Filter>ソース ファイル</Filter>
    </ClCompile>
    <ClCompile Include="ThirdParty\JoltPhysics-5.5.0\Jolt\**\*.cpp">
      <Filter>ソース ファイル</Filter>
    </ClCompile>
    <ClCompile Include="ThirdParty\JoltPhysics-5.5.0\Jolt\**\*.cpp">
      <Filter>ソース ファイル</Filter>
    </ClCompile>
    <ClCompile Include="ThirdParty\JoltPhysics-5.5.0\Jolt\**\*.cpp">
      <Filter>ソース ファイル</Filter>
    </ClCompile>
    <ClCompile Include="ThirdParty\JoltPhysics-5.5.0\Jolt\**\*.cpp">
      <Filter>ソース ファイル</Filter>
    </ClCompile>
    <ClCompile Include="ThirdParty\JoltPhysics-5.5.0\Jolt\**\*.cpp">
      <Filter>ソース ファイル</Filter>
    </ClCompile>
  </ItemGroup>
  <ItemGroup>
    <ClInclude Include="Source\Engine\Core\CrashHandler.h">
      <Filter>ヘッダー ファイル</Filter>
    </ClInclude>
    <ClInclude Include="Source\Engine\Physics\BoxCollision.h">
      <Filter>ヘッダー ファイル</Filter>
    </ClInclude>
    <ClInclude Include="Source\Engine\Editor\EditorComponentUtility.h">
      <Filter>ヘッダー ファイル</Filter>
    </ClInclude>
    <ClInclude Include="Source\Engine\Editor\EditorAssetFactory.h">
      <Filter>ヘッダー ファイル</Filter>
    </ClInclude>
    <ClInclude Include="Source\Engine\Editor\EditorAssetUtility.h">
      <Filter>ヘッダー ファイル</Filter>
    </ClInclude>
    <ClInclude Include="Source\Engine\Editor\EditorAIManager.h">
      <Filter>ヘッダー ファイル</Filter>
    </ClInclude>
    <ClInclude Include="Source\Engine\Editor\EditorBottomPanel.h">
      <Filter>ヘッダー ファイル</Filter>
    </ClInclude>
    <ClInclude Include="Source\Engine\Editor\EditorBottomPanelWindowManager.h">
      <Filter>ヘッダー ファイル</Filter>
    </ClInclude>
    <ClInclude Include="Source\Engine\Editor\EditorCommonTypes.h">
      <Filter>ヘッダー ファイル</Filter>
    </ClInclude>
    <ClInclude Include="Source\Engine\Editor\EditorHierarchyPanel.h">
      <Filter>ヘッダー ファイル</Filter>
    </ClInclude>
    <ClInclude Include="Source\Engine\Editor\EditorInspectorPanel.h">
      <Filter>ヘッダー ファイル</Filter>
    </ClInclude>
    <ClInclude Include="Source\Engine\Editor\EditorInputManager.h">
      <Filter>ヘッダー ファイル</Filter>
    </ClInclude>
    <ClInclude Include="Source\Engine\Editor\EditorJoltPhysicsManager.h">
      <Filter>ヘッダー ファイル</Filter>
    </ClInclude>
    <ClInclude Include="Source\Engine\Editor\EditorLocalMoveManager.h">
      <Filter>ヘッダー ファイル</Filter>
    </ClInclude>
    <ClInclude Include="Source\Engine\Editor\EditorRollingMoveManager.h">
      <Filter>ヘッダー ファイル</Filter>
    </ClInclude>
    <ClInclude Include="Source\Engine\Editor\EditorMainMenuBar.h">
      <Filter>ヘッダー ファイル</Filter>
    </ClInclude>
    <ClInclude Include="Source\Engine\Editor\EditorNativeScriptAssetManager.h">
      <Filter>ヘッダー ファイル</Filter>
    </ClInclude>
    <ClInclude Include="Source\Engine\Editor\EditorNavigationManager.h">
      <Filter>ヘッダー ファイル</Filter>
    </ClInclude>
    <ClInclude Include="Source\Engine\Editor\EditorPhysicsManager.h">
      <Filter>ヘッダー ファイル</Filter>
    </ClInclude>
    <ClInclude Include="Source\Engine\Editor\EditorScene.h">
      <Filter>ヘッダー ファイル</Filter>
    </ClInclude>
    <ClInclude Include="Source\Engine\Editor\EditorSceneCameraController.h">
      <Filter>ヘッダー ファイル</Filter>
    </ClInclude>
    <ClInclude Include="Source\Engine\Editor\EditorSceneObject.h">
      <Filter>ヘッダー ファイル</Filter>
    </ClInclude>
    <ClInclude Include="Source\Engine\Editor\EditorSceneObjectManager.h">
      <Filter>ヘッダー ファイル</Filter>
    </ClInclude>
    <ClInclude Include="Source\Engine\Editor\EditorSceneSynchronizer.h">
      <Filter>ヘッダー ファイル</Filter>
    </ClInclude>
    <ClInclude Include="Source\Engine\Editor\EditorSelectionManager.h">
      <Filter>ヘッダー ファイル</Filter>
    </ClInclude>
    <ClInclude Include="Source\Engine\Editor\EditorScriptManager.h">
      <Filter>ヘッダー ファイル</Filter>
    </ClInclude>
    <ClInclude Include="Source\Engine\Editor\EditorScriptApi.h">
      <Filter>ヘッダー ファイル</Filter>
    </ClInclude>
    <ClInclude Include="Source\Engine\Editor\EditorRuntimeManager.h">
      <Filter>ヘッダー ファイル</Filter>
    </ClInclude>
    <ClInclude Include="Source\Engine\Editor\EditorSharedState.h">
      <Filter>ヘッダー ファイル</Filter>
    </ClInclude>
    <ClInclude Include="Source\Engine\Editor\EditorDockingManager.h">
      <Filter>ヘッダー ファイル</Filter>
    </ClInclude>
    <ClInclude Include="Source\Engine\Editor\EditorFrameInputManager.h">
      <Filter>ヘッダー ファイル</Filter>
    </ClInclude>
    <ClInclude Include="Source\Engine\Editor\EditorGameViewManager.h">
      <Filter>ヘッダー ファイル</Filter>
    </ClInclude>
    <ClInclude Include="Source\Engine\Editor\EditorHierarchyWindowManager.h">
      <Filter>ヘッダー ファイル</Filter>
    </ClInclude>
    <ClInclude Include="Source\Engine\Editor\EditorImguiFrameManager.h">
      <Filter>ヘッダー ファイル</Filter>
    </ClInclude>
    <ClInclude Include="Source\Engine\Editor\EditorInspectorWindowManager.h">
      <Filter>ヘッダー ファイル</Filter>
    </ClInclude>
    <ClInclude Include="Source\Engine\Editor\EditorMainMenuManager.h">
      <Filter>ヘッダー ファイル</Filter>
    </ClInclude>
    <ClInclude Include="Source\Engine\Editor\EditorMeshCollision.h">
      <Filter>ヘッダー ファイル</Filter>
    </ClInclude>
    <ClInclude Include="Source\Engine\Editor\EditorSceneLifecycleManager.h">
      <Filter>ヘッダー ファイル</Filter>
    </ClInclude>
    <ClInclude Include="Source\Engine\Editor\EditorSceneViewManager.h">
      <Filter>ヘッダー ファイル</Filter>
    </ClInclude>
    <ClInclude Include="Source\Engine\Editor\EditorRenderManager.h">
      <Filter>ヘッダー ファイル</Filter>
    </ClInclude>
    <ClInclude Include="Source\Engine\Editor\EditorPlatformManager.h">
      <Filter>ヘッダー ファイル</Filter>
    </ClInclude>
    <ClInclude Include="Source\Engine\Core\GameScene.h">
      <Filter>ヘッダー ファイル</Filter>
    </ClInclude>
    <ClInclude Include="Engine\Input\InputAction.h">
      <Filter>ヘッダー ファイル</Filter>
    </ClInclude>
    <ClInclude Include="Engine\Input\InputActionAsset.h">
      <Filter>ヘッダー ファイル</Filter>
    </ClInclude>
    <ClInclude Include="Engine\Input\InputActionMap.h">
      <Filter>ヘッダー ファイル</Filter>
    </ClInclude>
    <ClInclude Include="Engine\Input\InputBinding.h">
      <Filter>ヘッダー ファイル</Filter>
    </ClInclude>
    <ClInclude Include="Engine\Input\InputContext.h">
      <Filter>ヘッダー ファイル</Filter>
    </ClInclude>
    <ClInclude Include="Engine\Input\InputPhase.h">
      <Filter>ヘッダー ファイル</Filter>
    </ClInclude>
    <ClInclude Include="Engine\Input\InputSystem.h">
      <Filter>ヘッダー ファイル</Filter>
    </ClInclude>
    <ClInclude Include="Engine\Input\KeyboardState.h">
      <Filter>ヘッダー ファイル</Filter>
    </ClInclude>
    <ClInclude Include="Source\Engine\Core\StringUtility.h">
      <Filter>ヘッダー ファイル</Filter>
    </ClInclude>
    <ClInclude Include="Source\Engine\Core\Log.h">
      <Filter>ヘッダー ファイル</Filter>
    </ClInclude>
    <ClInclude Include="Source\Engine\Core\ApplicationWindow.h">
      <Filter>ヘッダー ファイル</Filter>
    </ClInclude>
    <ClInclude Include="Source\Engine\Core\Matrix.h">
      <Filter>ヘッダー ファイル</Filter>
    </ClInclude>
    <ClInclude Include="Source\Engine\Physics\SphereCollision.h">
      <Filter>ヘッダー ファイル</Filter>
    </ClInclude>
    <ClInclude Include="Source\Engine\Core\Vector&amp;Matrix.h">
      <Filter>ヘッダー ファイル</Filter>
    </ClInclude>
    <ClInclude Include="Source\Engine\Core\Vector.h">
      <Filter>ヘッダー ファイル</Filter>
    </ClInclude>
    <ClInclude Include="ThirdParty\imgui-docking\imgui-docking\imconfig.h">
      <Filter>imgui</Filter>
    </ClInclude>
    <ClInclude Include="ThirdParty\imgui-docking\imgui-docking\imgui.h">
      <Filter>imgui</Filter>
    </ClInclude>
    <ClInclude Include="ThirdParty\imgui-docking\imgui-docking\backends\imgui_impl_dx12.h">
      <Filter>imgui</Filter>
    </ClInclude>
    <ClInclude Include="ThirdParty\imgui-docking\imgui-docking\backends\imgui_impl_win32.h">
      <Filter>imgui</Filter>
    </ClInclude>
    <ClInclude Include="ThirdParty\imgui-docking\imgui-docking\imgui_internal.h">
      <Filter>imgui</Filter>
    </ClInclude>
    <ClInclude Include="ThirdParty\imgui-docking\imgui-docking\imstb_rectpack.h">
      <Filter>imgui</Filter>
    </ClInclude>
    <ClInclude Include="ThirdParty\imgui-docking\imgui-docking\imstb_textedit.h">
      <Filter>imgui</Filter>
    </ClInclude>
    <ClInclude Include="ThirdParty\imgui-docking\imgui-docking\imstb_truetype.h">
      <Filter>imgui</Filter>
    </ClInclude>
    <ClInclude Include="ThirdParty\ImGuizmo-master\ImGuizmo-master\src\ImGuizmo.h">
      <Filter>imgui</Filter>
    </ClInclude>
    <ClInclude Include="Source\Engine\Core\Imgui.h">
      <Filter>ヘッダー ファイル</Filter>
    </ClInclude>
  </ItemGroup>
  <ItemGroup>
    <Text Include="ThirdParty\imgui-docking\imgui-docking\LICENSE.txt">
      <Filter>imgui</Filter>
    </Text>
  </ItemGroup>
</Project>
